
Microsoft Visual Studio Solution File, Format Version 12.00
# Visual Studio Version 17
VisualStudioVersion = 17.3.32901.215
MinimumVisualStudioVersion = 10.0.40219.1
Project("{FAE04EC0-301F-11D3-BF4B-00C04F79EFBC}") = "Module 9.6 Task 2", "Module 9.6 Task 2\Module 9.6 Task 2.csproj", "{BD995B7F-A812-42D4-9421-E18093BB3939}"
EndProject
Global
	GlobalSection(SolutionConfigurationPlatforms) = preSolution
		Debug|Any CPU = Debug|Any CPU
		Release|Any CPU = Release|Any CPU
	EndGlobalSection
	GlobalSection(ProjectConfigurationPlatforms) = postSolution
		{BD995B7F-A812-42D4-9421-E18093BB3939}.Debug|Any CPU.ActiveCfg = Debug|Any CPU
		{BD995B7F-A812-42D4-9421-E18093BB3939}.Debug|Any CPU.Build.0 = Debug|Any CPU
		{BD995B7F-A812-42D4-9421-E18093BB3939}.Release|Any CPU.ActiveCfg = Release|Any CPU
		{BD995B7F-A812-42D4-9421-E18093BB3939}.Release|Any CPU.Build.0 = Release|Any CPU
	EndGlobalSection
	GlobalSection(SolutionProperties) = preSolution
		HideSolutionNode = FALSE
	EndGlobalSection
	GlobalSection(ExtensibilityGlobals) = postSolution
		SolutionGuid = {79665468-ABA0-4AF4-AE50-5C26E4F2B16A}
	EndGlobalSection
EndGlobal
